
Microsoft Visual Studio Solution File, Format Version 12.00
# Visual Studio Version 17
VisualStudioVersion = 17.2.32616.157
MinimumVisualStudioVersion = 10.0.40219.1
Project("{FAE04EC0-301F-11D3-BF4B-00C04F79EFBC}") = "4_1_18", "4_1_18.csproj", "{DEC2C7C9-C3D9-4FFD-8557-7EE2FE10F486}"
EndProject
Global
	GlobalSection(SolutionConfigurationPlatforms) = preSolution
		Debug|Any CPU = Debug|Any CPU
		Release|Any CPU = Release|Any CPU
	EndGlobalSection
	GlobalSection(ProjectConfigurationPlatforms) = postSolution
		{DEC2C7C9-C3D9-4FFD-8557-7EE2FE10F486}.Debug|Any CPU.ActiveCfg = Debug|Any CPU
		{DEC2C7C9-C3D9-4FFD-8557-7EE2FE10F486}.Debug|Any CPU.Build.0 = Debug|Any CPU
		{DEC2C7C9-C3D9-4FFD-8557-7EE2FE10F486}.Release|Any CPU.ActiveCfg = Release|Any CPU
		{DEC2C7C9-C3D9-4FFD-8557-7EE2FE10F486}.Release|Any CPU.Build.0 = Release|Any CPU
	EndGlobalSection
	GlobalSection(SolutionProperties) = preSolution
		HideSolutionNode = FALSE
	EndGlobalSection
	GlobalSection(ExtensibilityGlobals) = postSolution
		SolutionGuid = {68AF461E-3197-4E32-A491-8A60CC615EB9}
	EndGlobalSection
EndGlobal
